// !$*UTF8*$!
{
	archiveVersion = 1;
	classes = {
	};
	objectVersion = 55;
	objects = {

/* Begin PBXBuildFile section */
		3D55893B2919F6F6004A544C /* TodoListViewController.swift in Sources */ = {isa = PBXBuildFile; fileRef = 3D55893A2919F6F6004A544C /* TodoListViewController.swift */; };
		7924F9BE288A888F00FA9EE8 /* AppDelegate.swift in Sources */ = {isa = PBXBuildFile; fileRef = 7924F9BD288A888F00FA9EE8 /* AppDelegate.swift */; };
		7924F9C0288A888F00FA9EE8 /* SceneDelegate.swift in Sources */ = {isa = PBXBuildFile; fileRef = 7924F9BF288A888F00FA9EE8 /* SceneDelegate.swift */; };
		7924F9C2288A888F00FA9EE8 /* ViewController.swift in Sources */ = {isa = PBXBuildFile; fileRef = 7924F9C1288A888F00FA9EE8 /* ViewController.swift */; };
		7924F9C5288A888F00FA9EE8 /* Main.storyboard in Resources */ = {isa = PBXBuildFile; fileRef = 7924F9C3288A888F00FA9EE8 /* Main.storyboard */; };
		7924F9C8288A888F00FA9EE8 /* IOS_Tutorial_UIKit.xcdatamodeld in Sources */ = {isa = PBXBuildFile; fileRef = 7924F9C6288A888F00FA9EE8 /* IOS_Tutorial_UIKit.xcdatamodeld */; };
		7924F9CA288A889100FA9EE8 /* Assets.xcassets in Resources */ = {isa = PBXBuildFile; fileRef = 7924F9C9288A889100FA9EE8 /* Assets.xcassets */; };
		7924F9CD288A889100FA9EE8 /* LaunchScreen.storyboard in Resources */ = {isa = PBXBuildFile; fileRef = 7924F9CB288A889100FA9EE8 /* LaunchScreen.storyboard */; };
/* End PBXBuildFile section */

/* Begin PBXFileReference section */
		3D55893A2919F6F6004A544C /* TodoListViewController.swift */ = {isa = PBXFileReference; lastKnownFileType = sourcecode.swift; path = TodoListViewController.swift; sourceTree = "<group>"; };
		7924F9BA288A888F00FA9EE8 /* IOS_Tutorial_UIKit.app */ = {isa = PBXFileReference; explicitFileType = wrapper.application; includeInIndex = 0; path = IOS_Tutorial_UIKit.app; sourceTree = BUILT_PRODUCTS_DIR; };
		7924F9BD288A888F00FA9EE8 /* AppDelegate.swift */ = {isa = PBXFileReference; lastKnownFileType = sourcecode.swift; path = AppDelegate.swift; sourceTree = "<group>"; };
		7924F9BF288A888F00FA9EE8 /* SceneDelegate.swift */ = {isa = PBXFileReference; lastKnownFileType = sourcecode.swift; path = SceneDelegate.swift; sourceTree = "<group>"; };
		7924F9C1288A888F00FA9EE8 /* ViewController.swift */ = {isa = PBXFileReference; lastKnownFileType = sourcecode.swift; path = ViewController.swift; sourceTree = "<group>"; };
		7924F9C4288A888F00FA9EE8 /* Base */ = {isa = PBXFileReference; lastKnownFileType = file.storyboard; name = Base; path = Base.lproj/Main.storyboard; sourceTree = "<group>"; };
		7924F9C7288A888F00FA9EE8 /* IOS_Tutorial_UIKit.xcdatamodel */ = {isa = PBXFileReference; lastKnownFileType = wrapper.xcdatamodel; path = IOS_Tutorial_UIKit.xcdatamodel; sourceTree = "<group>"; };
		7924F9C9288A889100FA9EE8 /* Assets.xcassets */ = {isa = PBXFileReference; lastKnownFileType = folder.assetcatalog; path = Assets.xcassets; sourceTree = "<group>"; };
		7924F9CC288A889100FA9EE8 /* Base */ = {isa = PBXFileReference; lastKnownFileType = file.storyboard; name = Base; path = Base.lproj/LaunchScreen.storyboard; sourceTree = "<group>"; };
		7924F9CE288A889100FA9EE8 /* Info.plist */ = {isa = PBXFileReference; lastKnownFileType = text.plist.xml; path = Info.plist; sourceTree = "<group>"; };
/* End PBXFileReference section */

/* Begin PBXFrameworksBuildPhase section */
		7924F9B7288A888F00FA9EE8 /* Frameworks */ = {
			isa = PBXFrameworksBuildPhase;
			buildActionMask = 2147483647;
			files = (
			);
			runOnlyForDeploymentPostprocessing = 0;
		};
/* End PBXFrameworksBuildPhase section */

/* Begin PBXGroup section */
		7924F9B1288A888F00FA9EE8 = {
			isa = PBXGroup;
			children = (
				7924F9BC288A888F00FA9EE8 /* IOS_Tutorial_UIKit */,
				7924F9BB288A888F00FA9EE8 /* Products */,
			);
			sourceTree = "<group>";
		};
		7924F9BB288A888F00FA9EE8 /* Products */ = {
			isa = PBXGroup;
			children = (
				7924F9BA288A888F00FA9EE8 /* IOS_Tutorial_UIKit.app */,
			);
			name = Products;
			sourceTree = "<group>";
		};
		7924F9BC288A888F00FA9EE8 /* IOS_Tutorial_UIKit */ = {
			isa = PBXGroup;
			children = (
				3D55893A2919F6F6004A544C /* TodoListViewController.swift */,
				7924F9BD288A888F00FA9EE8 /* AppDelegate.swift */,
				7924F9BF288A888F00FA9EE8 /* SceneDelegate.swift */,
				7924F9C1288A888F00FA9EE8 /* ViewController.swift */,
				7924F9C3288A888F00FA9EE8 /* Main.storyboard */,
				7924F9C9288A889100FA9EE8 /* Assets.xcassets */,
				7924F9CB288A889100FA9EE8 /* LaunchScreen.storyboard */,
				7924F9CE288A889100FA9EE8 /* Info.plist */,
				7924F9C6288A888F00FA9EE8 /* IOS_Tutorial_UIKit.xcdatamodeld */,
			);
			path = IOS_Tutorial_UIKit;
			sourceTree = "<group>";
		};
/* End PBXGroup section */

/* Begin PBXNativeTarget section */
		7924F9B9288A888F00FA9EE8 /* IOS_Tutorial_UIKit */ = {
			isa = PBXNativeTarget;
			buildConfigurationList = 7924F9D1288A889100FA9EE8 /* Build configuration list for PBXNativeTarget "IOS_Tutorial_UIKit" */;
			buildPhases = (
				7924F9B6288A888F00FA9EE8 /* Sources */,
				7924F9B7288A888F00FA9EE8 /* Frameworks */,
				7924F9B8288A888F00FA9EE8 /* Resources */,
			);
			buildRules = (
			);
			dependencies = (
			);
			name = IOS_Tutorial_UIKit;
			productName = IOS_Tutorial_UIKit;
			productReference = 7924F9BA288A888F00FA9EE8 /* IOS_Tutorial_UIKit.app */;
			productType = "com.apple.product-type.application";
		};
/* End PBXNativeTarget section */

/* Begin PBXProject section */
		7924F9B2288A888F00FA9EE8 /* Project object */ = {
			isa = PBXProject;
			attributes = {
				BuildIndependentTargetsInParallel = 1;
				LastSwiftUpdateCheck = 1340;
				LastUpgradeCheck = 1340;
				TargetAttributes = {
					7924F9B9288A888F00FA9EE8 = {
						CreatedOnToolsVersion = 13.4;
					};
				};
			};
			buildConfigurationList = 7924F9B5288A888F00FA9EE8 /* Build configuration list for PBXProject "IOS_Tutorial_UIKit" */;
			compatibilityVersion = "Xcode 13.0";
			developmentRegion = en;
			hasScannedForEncodings = 0;
			knownRegions = (
				en,
				Base,
			);
			mainGroup = 7924F9B1288A888F00FA9EE8;
			productRefGroup = 7924F9BB288A888F00FA9EE8 /* Products */;
			projectDirPath = "";
			projectRoot = "";
			targets = (
				7924F9B9288A888F00FA9EE8 /* IOS_Tutorial_UIKit */,
			);
		};
/* End PBXProject section */

/* Begin PBXResourcesBuildPhase section */
		7924F9B8288A888F00FA9EE8 /* Resources */ = {
			isa = PBXResourcesBuildPhase;
			buildActionMask = 2147483647;
			files = (
				7924F9CD288A889100FA9EE8 /* LaunchScreen.storyboard in Resources */,
				7924F9CA288A889100FA9EE8 /* Assets.xcassets in Resources */,
				7924F9C5288A888F00FA9EE8 /* Main.storyboard in Resources */,
			);
			runOnlyForDeploymentPostprocessing = 0;
		};
/* End PBXResourcesBuildPhase section */

/* Begin PBXSourcesBuildPhase section */
		7924F9B6288A888F00FA9EE8 /* Sources */ = {
			isa = PBXSourcesBuildPhase;
			buildActionMask = 2147483647;
			files = (
				7924F9C2288A888F00FA9EE8 /* ViewController.swift in Sources */,
				7924F9BE288A888F00FA9EE8 /* AppDelegate.swift in Sources */,
				7924F9C8288A888F00FA9EE8 /* IOS_Tutorial_UIKit.xcdatamodeld in Sources */,
				7924F9C0288A888F00FA9EE8 /* SceneDelegate.swift in Sources */,
				3D55893B2919F6F6004A544C /* TodoListViewController.swift in Sources */,
			);
			runOnlyForDeploymentPostprocessing = 0;
		};
/* End PBXSourcesBuildPhase section */

/* Begin PBXVariantGroup section */
		7924F9C3288A888F00FA9EE8 /* Main.storyboard */ = {
			isa = PBXVariantGroup;
			children = (
				7924F9C4288A888F00FA9EE8 /* Base */,
			);
			name = Main.storyboard;
			sourceTree = "<group>";
		};
		7924F9CB288A889100FA9EE8 /* LaunchScreen.storyboard */ = {
			isa = PBXVariantGroup;
			children = (
				7924F9CC288A889100FA9EE8 /* Base */,
			);
			name = LaunchScreen.storyboard;
			sourceTree = "<group>";
		};
/* End PBXVariantGroup section */

/* Begin XCBuildConfiguration section */
		7924F9CF288A889100FA9EE8 /* Debug */ = {
			isa = XCBuildConfiguration;
			buildSettings = {
				ALWAYS_SEARCH_USER_PATHS = NO;
				CLANG_ANALYZER_NONNULL = YES;
				CLANG_ANALYZER_NUMBER_OBJECT_CONVERSION = YES_AGGRESSIVE;
				CLANG_CXX_LANGUAGE_STANDARD = "gnu++17";
				CLANG_ENABLE_MODULES = YES;
				CLANG_ENABLE_OBJC_ARC = YES;
				CLANG_ENABLE_OBJC_WEAK = YES;
				CLANG_WARN_BLOCK_CAPTURE_AUTORELEASING = YES;
				CLANG_WARN_BOOL_CONVERSION = YES;
				CLANG_WARN_COMMA = YES;
				CLANG_WARN_CONSTANT_CONVERSION = YES;
				CLANG_WARN_DEPRECATED_OBJC_IMPLEMENTATIONS = YES;
				CLANG_WARN_DIRECT_OBJC_ISA_USAGE = YES_ERROR;
				CLANG_WARN_DOCUMENTATION_COMMENTS = YES;
				CLANG_WARN_EMPTY_BODY = YES;
				CLANG_WARN_ENUM_CONVERSION = YES;
				CLANG_WARN_INFINITE_RECURSION = YES;
				CLANG_WARN_INT_CONVERSION = YES;
				CLANG_WARN_NON_LITERAL_NULL_CONVERSION = YES;
				CLANG_WARN_OBJC_IMPLICIT_RETAIN_SELF = YES;
				CLANG_WARN_OBJC_LITERAL_CONVERSION = YES;
				CLANG_WARN_OBJC_ROOT_CLASS = YES_ERROR;
				CLANG_WARN_QUOTED_INCLUDE_IN_FRAMEWORK_HEADER = YES;
				CLANG_WARN_RANGE_LOOP_ANALYSIS = YES;
				CLANG_WARN_STRICT_PROTOTYPES = YES;
				CLANG_WARN_SUSPICIOUS_MOVE = YES;
				CLANG_WARN_UNGUARDED_AVAILABILITY = YES_AGGRESSIVE;
				CLANG_WARN_UNREACHABLE_CODE = YES;
				CLANG_WARN__DUPLICATE_METHOD_MATCH = YES;
				COPY_PHASE_STRIP = NO;
				DEBUG_INFORMATION_FORMAT = dwarf;
				ENABLE_STRICT_OBJC_MSGSEND = YES;
				ENABLE_TESTABILITY = YES;
				GCC_C_LANGUAGE_STANDARD = gnu11;
				GCC_DYNAMIC_NO_PIC = NO;
				GCC_NO_COMMON_BLOCKS = YES;
				GCC_OPTIMIZATION_LEVEL = 0;
				GCC_PREPROCESSOR_DEFINITIONS = (
					"DEBUG=1",
					"$(inherited)",
				);
				GCC_WARN_64_TO_32_BIT_CONVERSION = YES;
				GCC_WARN_ABOUT_RETURN_TYPE = YES_ERROR;
				GCC_WARN_UNDECLARED_SELECTOR = YES;
				GCC_WARN_UNINITIALIZED_AUTOS = YES_AGGRESSIVE;
				GCC_WARN_UNUSED_FUNCTION = YES;
				GCC_WARN_UNUSED_VARIABLE = YES;
				IPHONEOS_DEPLOYMENT_TARGET = 15.5;
				MTL_ENABLE_DEBUG_INFO = INCLUDE_SOURCE;
				MTL_FAST_MATH = YES;
				ONLY_ACTIVE_ARCH = YES;
				SDKROOT = iphoneos;
				SWIFT_ACTIVE_COMPILATION_CONDITIONS = DEBUG;
				SWIFT_OPTIMIZATION_LEVEL = "-Onone";
			};
			name = Debug;
		};
		7924F9D0288A889100FA9EE8 /* Release */ = {
			isa = XCBuildConfiguration;
			buildSettings = {
				ALWAYS_SEARCH_USER_PATHS = NO;
				CLANG_ANALYZER_NONNULL = YES;
				CLANG_ANALYZER_NUMBER_OBJECT_CONVERSION = YES_AGGRESSIVE;
				CLANG_CXX_LANGUAGE_STANDARD = "gnu++17";
				CLANG_ENABLE_MODULES = YES;
				CLANG_ENABLE_OBJC_ARC = YES;
				CLANG_ENABLE_OBJC_WEAK = YES;
				CLANG_WARN_BLOCK_CAPTURE_AUTORELEASING = YES;
				CLANG_WARN_BOOL_CONVERSION = YES;
				CLANG_WARN_COMMA = YES;
				CLANG_WARN_CONSTANT_CONVERSION = YES;
				CLANG_WARN_DEPRECATED_OBJC_IMPLEMENTATIONS = YES;
				CLANG_WARN_DIRECT_OBJC_ISA_USAGE = YES_ERROR;
				CLANG_WARN_DOCUMENTATION_COMMENTS = YES;
				CLANG_WARN_EMPTY_BODY = YES;
				CLANG_WARN_ENUM_CONVERSION = YES;
				CLANG_WARN_INFINITE_RECURSION = YES;
				CLANG_WARN_INT_CONVERSION = YES;
				CLANG_WARN_NON_LITERAL_NULL_CONVERSION = YES;
				CLANG_WARN_OBJC_IMPLICIT_RETAIN_SELF = YES;
				CLANG_WARN_OBJC_LITERAL_CONVERSION = YES;
				CLANG_WARN_OBJC_ROOT_CLASS = YES_ERROR;
				CLANG_WARN_QUOTED_INCLUDE_IN_FRAMEWORK_HEADER = YES;
				CLANG_WARN_RANGE_LOOP_ANALYSIS = YES;
				CLANG_WARN_STRICT_PROTOTYPES = YES;
				CLANG_WARN_SUSPICIOUS_MOVE = YES;
				CLANG_WARN_UNGUARDED_AVAILABILITY = YES_AGGRESSIVE;
				CLANG_WARN_UNREACHABLE_CODE = YES;
				CLANG_WARN__DUPLICATE_METHOD_MATCH = YES;
				COPY_PHASE_STRIP = NO;
				DEBUG_INFORMATION_FORMAT = "dwarf-with-dsym";
				ENABLE_NS_ASSERTIONS = NO;
				ENABLE_STRICT_OBJC_MSGSEND = YES;
				GCC_C_LANGUAGE_STANDARD = gnu11;
				GCC_NO_COMMON_BLOCKS = YES;
				GCC_WARN_64_TO_32_BIT_CONVERSION = YES;
				GCC_WARN_ABOUT_RETURN_TYPE = YES_ERROR;
				GCC_WARN_UNDECLARED_SELECTOR = YES;
				GCC_WARN_UNINITIALIZED_AUTOS = YES_AGGRESSIVE;
				GCC_WARN_UNUSED_FUNCTION = YES;
				GCC_WARN_UNUSED_VARIABLE = YES;
				IPHONEOS_DEPLOYMENT_TARGET = 15.5;
				MTL_ENABLE_DEBUG_INFO = NO;
				MTL_FAST_MATH = YES;
				SDKROOT = iphoneos;
				SWIFT_COMPILATION_MODE = wholemodule;
				SWIFT_OPTIMIZATION_LEVEL = "-O";
				VALIDATE_PRODUCT = YES;
			};
			name = Release;
		};
		7924F9D2288A889100FA9EE8 /* Debug */ = {
			isa = XCBuildConfiguration;
			buildSettings = {
				ASSETCATALOG_COMPILER_APPICON_NAME = AppIcon;
				ASSETCATALOG_COMPILER_GLOBAL_ACCENT_COLOR_NAME = AccentColor;
				CODE_SIGN_STYLE = Automatic;
				CURRENT_PROJECT_VERSION = 1;
				DEVELOPMENT_TEAM = CAG76GQVZ9;
				GENERATE_INFOPLIST_FILE = YES;
				INFOPLIST_FILE = IOS_Tutorial_UIKit/Info.plist;
				INFOPLIST_KEY_UIApplicationSupportsIndirectInputEvents = YES;
				INFOPLIST_KEY_UILaunchStoryboardName = LaunchScreen;
				INFOPLIST_KEY_UIMainStoryboardFile = Main;
				INFOPLIST_KEY_UISupportedInterfaceOrientations_iPad = "UIInterfaceOrientationPortrait UIInterfaceOrientationPortraitUpsideDown UIInterfaceOrientationLandscapeLeft UIInterfaceOrientationLandscapeRight";
				INFOPLIST_KEY_UISupportedInterfaceOrientations_iPhone = "UIInterfaceOrientationPortrait UIInterfaceOrientationLandscapeLeft UIInterfaceOrientationLandscapeRight";
				LD_RUNPATH_SEARCH_PATHS = (
					"$(inherited)",
					"@executable_path/Frameworks",
				);
				MARKETING_VERSION = 1.0;
				PRODUCT_BUNDLE_IDENTIFIER = "com.ios-tutorial.IOS-Tutorial-UIKit";
				PRODUCT_NAME = "$(TARGET_NAME)";
				SWIFT_EMIT_LOC_STRINGS = YES;
				SWIFT_VERSION = 5.0;
				TARGETED_DEVICE_FAMILY = "1,2";
			};
			name = Debug;
		};
		7924F9D3288A889100FA9EE8 /* Release */ = {
			isa = XCBuildConfiguration;
			buildSettings = {
				ASSETCATALOG_COMPILER_APPICON_NAME = AppIcon;
				ASSETCATALOG_COMPILER_GLOBAL_ACCENT_COLOR_NAME = AccentColor;
				CODE_SIGN_STYLE = Automatic;
				CURRENT_PROJECT_VERSION = 1;
				DEVELOPMENT_TEAM = CAG76GQVZ9;
				GENERATE_INFOPLIST_FILE = YES;
				INFOPLIST_FILE = IOS_Tutorial_UIKit/Info.plist;
				INFOPLIST_KEY_UIApplicationSupportsIndirectInputEvents = YES;
				INFOPLIST_KEY_UILaunchStoryboardName = LaunchScreen;
				INFOPLIST_KEY_UIMainStoryboardFile = Main;
				INFOPLIST_KEY_UISupportedInterfaceOrientations_iPad = "UIInterfaceOrientationPortrait UIInterfaceOrientationPortraitUpsideDown UIInterfaceOrientationLandscapeLeft UIInterfaceOrientationLandscapeRight";
				INFOPLIST_KEY_UISupportedInterfaceOrientations_iPhone = "UIInterfaceOrientationPortrait UIInterfaceOrientationLandscapeLeft UIInterfaceOrientationLandscapeRight";
				LD_RUNPATH_SEARCH_PATHS = (
					"$(inherited)",
					"@executable_path/Frameworks",
				);
				MARKETING_VERSION = 1.0;
				PRODUCT_BUNDLE_IDENTIFIER = "com.ios-tutorial.IOS-Tutorial-UIKit";
				PRODUCT_NAME = "$(TARGET_NAME)";
				SWIFT_EMIT_LOC_STRINGS = YES;
				SWIFT_VERSION = 5.0;
				TARGETED_DEVICE_FAMILY = "1,2";
			};
			name = Release;
		};
/* End XCBuildConfiguration section */

/* Begin XCConfigurationList section */
		7924F9B5288A888F00FA9EE8 /* Build configuration list for PBXProject "IOS_Tutorial_UIKit" */ = {
			isa = XCConfigurationList;
			buildConfigurations = (
				7924F9CF288A889100FA9EE8 /* Debug */,
				7924F9D0288A889100FA9EE8 /* Release */,
			);
			defaultConfigurationIsVisible = 0;
			defaultConfigurationName = Release;
		};
		7924F9D1288A889100FA9EE8 /* Build configuration list for PBXNativeTarget "IOS_Tutorial_UIKit" */ = {
			isa = XCConfigurationList;
			buildConfigurations = (
				7924F9D2288A889100FA9EE8 /* Debug */,
				7924F9D3288A889100FA9EE8 /* Release */,
			);
			defaultConfigurationIsVisible = 0;
			defaultConfigurationName = Release;
		};
/* End XCConfigurationList section */

/* Begin XCVersionGroup section */
		7924F9C6288A888F00FA9EE8 /* IOS_Tutorial_UIKit.xcdatamodeld */ = {
			isa = XCVersionGroup;
			children = (
				7924F9C7288A888F00FA9EE8 /* IOS_Tutorial_UIKit.xcdatamodel */,
			);
			currentVersion = 7924F9C7288A888F00FA9EE8 /* IOS_Tutorial_UIKit.xcdatamodel */;
			path = IOS_Tutorial_UIKit.xcdatamodeld;
			sourceTree = "<group>";
			versionGroupType = wrapper.xcdatamodel;
		};
/* End XCVersionGroup section */
	};
	rootObject = 7924F9B2288A888F00FA9EE8 /* Project object */;
}
